
Microsoft Visual Studio Solution File, Format Version 12.00
# Visual Studio Version 17
VisualStudioVersion = 17.7.34031.279
MinimumVisualStudioVersion = 10.0.40219.1
Project("{9A19103F-16F7-4668-BE54-9A1E7A4F7556}") = "CarRentalsRazor", "CarRentalsRazor\CarRentalsRazor.csproj", "{FAEAC8D2-7524-4276-B1AC-3F576B3867FB}"
EndProject
Global
	GlobalSection(SolutionConfigurationPlatforms) = preSolution
		Debug|Any CPU = Debug|Any CPU
		Release|Any CPU = Release|Any CPU
	EndGlobalSection
	GlobalSection(ProjectConfigurationPlatforms) = postSolution
		{FAEAC8D2-7524-4276-B1AC-3F576B3867FB}.Debug|Any CPU.ActiveCfg = Debug|Any CPU
		{FAEAC8D2-7524-4276-B1AC-3F576B3867FB}.Debug|Any CPU.Build.0 = Debug|Any CPU
		{FAEAC8D2-7524-4276-B1AC-3F576B3867FB}.Release|Any CPU.ActiveCfg = Release|Any CPU
		{FAEAC8D2-7524-4276-B1AC-3F576B3867FB}.Release|Any CPU.Build.0 = Release|Any CPU
	EndGlobalSection
	GlobalSection(SolutionProperties) = preSolution
		HideSolutionNode = FALSE
	EndGlobalSection
	GlobalSection(ExtensibilityGlobals) = postSolution
		SolutionGuid = {A7BA4CF1-A30C-4931-A0AC-DC3B4C197E82}
	EndGlobalSection
EndGlobal
